PODS:
  - Flutter (1.0.0)
  - Intercom (9.3.3)
  - "intercom_flutter (2.2.0+1)":
    - Flutter
    - Intercom

DEPENDENCIES:
  - Flutter (from `Flutter`)
  - intercom_flutter (from `.symlinks/plugins/intercom_flutter/ios`)

SPEC REPOS:
  trunk:
    - Intercom

EXTERNAL SOURCES:
  Flutter:
    :path: Flutter
  intercom_flutter:
    :path: ".symlinks/plugins/intercom_flutter/ios"

SPEC CHECKSUMS:
  Flutter: 0e3d915762c693b495b44d77113d4970485de6ec
  Intercom: 37ca86a8990360ed5d206a5ebae7c5a7168f36d4
  intercom_flutter: d4fe57423252ae2638b2e87594074e7f8beb4d4c

PODFILE CHECKSUM: a2b0bf7fe93e4e6b732ab20a6fda201dc8a23f90

COCOAPODS: 1.10.0
